{
    "name": "@mcaskill/test-esm-pkg",
    "lockfileVersion": 3,
    "requires": true,
    "packages": {
        "": {
            "name": "@mcaskill/test-esm-pkg",
            "devDependencies": {
                "@mcaskill/html-build-attributes": "file:../../../dist"
            }
        },
        "../../../dist": {
            "version": "0.2.2",
            "dev": true,
            "license": "MIT",
            "engines": {
                "node": ">=16"
            }
        },
        "node_modules/@mcaskill/html-build-attributes": {
            "resolved": "../../../dist",
            "link": true
        }
    }
}
