{
    "name": "@mcaskill/test-esm-pkg",
    "lockfileVersion": 2,
    "requires": true,
    "packages": {
        "": {
            "name": "@mcaskill/test-esm-pkg",
            "devDependencies": {
                "@mcaskill/html-build-attributes": "file:../../../"
            }
        },
        "../..": {
            "version": "0.1.2",
            "extraneous": true,
            "license": "MIT",
            "devDependencies": {
                "@typescript-eslint/eslint-plugin": "^6.4.1",
                "@typescript-eslint/parser": "^6.4.1",
                "c8": "^8.0.1",
                "eslint": "^8.48.0",
                "tsup": "^7.2.0",
                "typescript": "^5.2.2",
                "uvu": "^0.5.6"
            },
            "engines": {
                "node": ">=16"
            }
        },
        "../../..": {
            "version": "0.1.2",
            "dev": true,
            "license": "MIT",
            "devDependencies": {
                "@typescript-eslint/eslint-plugin": "^6.4.1",
                "@typescript-eslint/parser": "^6.4.1",
                "c8": "^8.0.1",
                "eslint": "^8.48.0",
                "tsup": "^7.2.0",
                "typescript": "^5.2.2",
                "uvu": "^0.5.6"
            },
            "engines": {
                "node": ">=16"
            }
        },
        "node_modules/@mcaskill/html-build-attributes": {
            "resolved": "../../..",
            "link": true
        }
    },
    "dependencies": {
        "@mcaskill/html-build-attributes": {
            "version": "file:../../..",
            "requires": {
                "@typescript-eslint/eslint-plugin": "^6.4.1",
                "@typescript-eslint/parser": "^6.4.1",
                "c8": "^8.0.1",
                "eslint": "^8.48.0",
                "tsup": "^7.2.0",
                "typescript": "^5.2.2",
                "uvu": "^0.5.6"
            }
        }
    }
}
